// !$*UTF8*$!
{
	archiveVersion = 1;
	classes = {
	};
	objectVersion = 48;
	objects = {

/* Begin PBXBuildFile section */
		432D11ED410C886B8A6BF9BE /* Pods_GrailedChallenge.framework in Frameworks */ = {isa = PBXBuildFile; fileRef = 1B590149F0AAFDB48758D92C /* Pods_GrailedChallenge.framework */; };
		C30980331F716EC000989BB5 /* AppDelegate.swift in Sources */ = {isa = PBXBuildFile; fileRef = C30980321F716EC000989BB5 /* AppDelegate.swift */; };
		C30980381F716EC000989BB5 /* Main.storyboard in Resources */ = {isa = PBXBuildFile; fileRef = C30980361F716EC000989BB5 /* Main.storyboard */; };
		C309803A1F716EC000989BB5 /* Assets.xcassets in Resources */ = {isa = PBXBuildFile; fileRef = C30980391F716EC000989BB5 /* Assets.xcassets */; };
		C309803D1F716EC000989BB5 /* LaunchScreen.storyboard in Resources */ = {isa = PBXBuildFile; fileRef = C309803B1F716EC000989BB5 /* LaunchScreen.storyboard */; };
		C31577961F7204850058888B /* Extensions.swift in Sources */ = {isa = PBXBuildFile; fileRef = C31577951F7204850058888B /* Extensions.swift */; };
		C33D5ABF1F7AD56B00C3E033 /* ArticlesViewController.swift in Sources */ = {isa = PBXBuildFile; fileRef = C33D5ABE1F7AD56B00C3E033 /* ArticlesViewController.swift */; };
		C33D5AC11F7AD57A00C3E033 /* SavedSearchViewController.swift in Sources */ = {isa = PBXBuildFile; fileRef = C33D5AC01F7AD57A00C3E033 /* SavedSearchViewController.swift */; };
		C33D5AC31F7ADC6500C3E033 /* ViewModelDelegate.swift in Sources */ = {isa = PBXBuildFile; fileRef = C33D5AC21F7ADC6500C3E033 /* ViewModelDelegate.swift */; };
		C33D5AC61F7ADE3600C3E033 /* ProgressHUD.swift in Sources */ = {isa = PBXBuildFile; fileRef = C33D5AC51F7ADE3600C3E033 /* ProgressHUD.swift */; };
		C33EDF841F78802C00D2D6B2 /* Article.swift in Sources */ = {isa = PBXBuildFile; fileRef = C33EDF831F78802C00D2D6B2 /* Article.swift */; };
		C33EDF861F78817300D2D6B2 /* SavedSearch.swift in Sources */ = {isa = PBXBuildFile; fileRef = C33EDF851F78817300D2D6B2 /* SavedSearch.swift */; };
		C33EDF891F78895400D2D6B2 /* Result.swift in Sources */ = {isa = PBXBuildFile; fileRef = C33EDF881F78895400D2D6B2 /* Result.swift */; };
		C33EDF8D1F788A7A00D2D6B2 /* APIController.swift in Sources */ = {isa = PBXBuildFile; fileRef = C33EDF8C1F788A7A00D2D6B2 /* APIController.swift */; };
		C33EDF8F1F78939F00D2D6B2 /* ArticlesViewModel.swift in Sources */ = {isa = PBXBuildFile; fileRef = C33EDF8E1F78939F00D2D6B2 /* ArticlesViewModel.swift */; };
		C372893B1F71FFE100B19360 /* Constants.swift in Sources */ = {isa = PBXBuildFile; fileRef = C372893A1F71FFE100B19360 /* Constants.swift */; };
		C372893D1F72008300B19360 /* Default-568h@2x.png in Resources */ = {isa = PBXBuildFile; fileRef = C372893C1F72008300B19360 /* Default-568h@2x.png */; };
/* End PBXBuildFile section */

/* Begin PBXFileReference section */
		1B590149F0AAFDB48758D92C /* Pods_GrailedChallenge.framework */ = {isa = PBXFileReference; explicitFileType = wrapper.framework; includeInIndex = 0; path = Pods_GrailedChallenge.framework; sourceTree = BUILT_PRODUCTS_DIR; };
		720D116BCC097C361A6C0021 /* Pods-GrailedChallenge.release.xcconfig */ = {isa = PBXFileReference; includeInIndex = 1; lastKnownFileType = text.xcconfig; name = "Pods-GrailedChallenge.release.xcconfig"; path = "Pods/Target Support Files/Pods-GrailedChallenge/Pods-GrailedChallenge.release.xcconfig"; sourceTree = "<group>"; };
		ABDA58991991EB671FBC2088 /* Pods-GrailedChallenge.debug.xcconfig */ = {isa = PBXFileReference; includeInIndex = 1; lastKnownFileType = text.xcconfig; name = "Pods-GrailedChallenge.debug.xcconfig"; path = "Pods/Target Support Files/Pods-GrailedChallenge/Pods-GrailedChallenge.debug.xcconfig"; sourceTree = "<group>"; };
		C309802F1F716EC000989BB5 /* GrailedChallenge.app */ = {isa = PBXFileReference; explicitFileType = wrapper.application; includeInIndex = 0; path = GrailedChallenge.app; sourceTree = BUILT_PRODUCTS_DIR; };
		C30980321F716EC000989BB5 /* AppDelegate.swift */ = {isa = PBXFileReference; lastKnownFileType = sourcecode.swift; path = AppDelegate.swift; sourceTree = "<group>"; };
		C30980371F716EC000989BB5 /* Base */ = {isa = PBXFileReference; lastKnownFileType = file.storyboard; name = Base; path = Base.lproj/Main.storyboard; sourceTree = "<group>"; };
		C30980391F716EC000989BB5 /* Assets.xcassets */ = {isa = PBXFileReference; lastKnownFileType = folder.assetcatalog; path = Assets.xcassets; sourceTree = "<group>"; };
		C309803C1F716EC000989BB5 /* Base */ = {isa = PBXFileReference; lastKnownFileType = file.storyboard; name = Base; path = Base.lproj/LaunchScreen.storyboard; sourceTree = "<group>"; };
		C31577951F7204850058888B /* Extensions.swift */ = {isa = PBXFileReference; lastKnownFileType = sourcecode.swift; path = Extensions.swift; sourceTree = "<group>"; };
		C33D5ABE1F7AD56B00C3E033 /* ArticlesViewController.swift */ = {isa = PBXFileReference; lastKnownFileType = sourcecode.swift; path = ArticlesViewController.swift; sourceTree = "<group>"; };
		C33D5AC01F7AD57A00C3E033 /* SavedSearchViewController.swift */ = {isa = PBXFileReference; lastKnownFileType = sourcecode.swift; path = SavedSearchViewController.swift; sourceTree = "<group>"; };
		C33D5AC21F7ADC6500C3E033 /* ViewModelDelegate.swift */ = {isa = PBXFileReference; lastKnownFileType = sourcecode.swift; path = ViewModelDelegate.swift; sourceTree = "<group>"; };
		C33D5AC51F7ADE3600C3E033 /* ProgressHUD.swift */ = {isa = PBXFileReference; lastKnownFileType = sourcecode.swift; path = ProgressHUD.swift; sourceTree = "<group>"; };
		C33EDF831F78802C00D2D6B2 /* Article.swift */ = {isa = PBXFileReference; lastKnownFileType = sourcecode.swift; path = Article.swift; sourceTree = "<group>"; };
		C33EDF851F78817300D2D6B2 /* SavedSearch.swift */ = {isa = PBXFileReference; lastKnownFileType = sourcecode.swift; path = SavedSearch.swift; sourceTree = "<group>"; };
		C33EDF881F78895400D2D6B2 /* Result.swift */ = {isa = PBXFileReference; lastKnownFileType = sourcecode.swift; path = Result.swift; sourceTree = "<group>"; };
		C33EDF8C1F788A7A00D2D6B2 /* APIController.swift */ = {isa = PBXFileReference; lastKnownFileType = sourcecode.swift; path = APIController.swift; sourceTree = "<group>"; };
		C33EDF8E1F78939F00D2D6B2 /* ArticlesViewModel.swift */ = {isa = PBXFileReference; lastKnownFileType = sourcecode.swift; path = ArticlesViewModel.swift; sourceTree = "<group>"; };
		C372893A1F71FFE100B19360 /* Constants.swift */ = {isa = PBXFileReference; lastKnownFileType = sourcecode.swift; path = Constants.swift; sourceTree = "<group>"; };
		C372893C1F72008300B19360 /* Default-568h@2x.png */ = {isa = PBXFileReference; lastKnownFileType = image.png; path = "Default-568h@2x.png"; sourceTree = "<group>"; };
		C37289401F7201BF00B19360 /* Info.plist */ = {isa = PBXFileReference; lastKnownFileType = text.plist.xml; path = Info.plist; sourceTree = "<group>"; };
/* End PBXFileReference section */

/* Begin PBXFrameworksBuildPhase section */
		C309802C1F716EC000989BB5 /* Frameworks */ = {
			isa = PBXFrameworksBuildPhase;
			buildActionMask = 2147483647;
			files = (
				432D11ED410C886B8A6BF9BE /* Pods_GrailedChallenge.framework in Frameworks */,
			);
			runOnlyForDeploymentPostprocessing = 0;
		};
/* End PBXFrameworksBuildPhase section */

/* Begin PBXGroup section */
		1AD87AD3CF94DA492C9177AA /* Frameworks */ = {
			isa = PBXGroup;
			children = (
				1B590149F0AAFDB48758D92C /* Pods_GrailedChallenge.framework */,
			);
			name = Frameworks;
			sourceTree = "<group>";
		};
		2380A3D574312E42640AD7DD /* Pods */ = {
			isa = PBXGroup;
			children = (
				ABDA58991991EB671FBC2088 /* Pods-GrailedChallenge.debug.xcconfig */,
				720D116BCC097C361A6C0021 /* Pods-GrailedChallenge.release.xcconfig */,
			);
			name = Pods;
			sourceTree = "<group>";
		};
		C30980261F716EBF00989BB5 = {
			isa = PBXGroup;
			children = (
				C372893C1F72008300B19360 /* Default-568h@2x.png */,
				C30980311F716EC000989BB5 /* GrailedChallenge */,
				C30980301F716EC000989BB5 /* Products */,
				2380A3D574312E42640AD7DD /* Pods */,
				1AD87AD3CF94DA492C9177AA /* Frameworks */,
			);
			sourceTree = "<group>";
		};
		C30980301F716EC000989BB5 /* Products */ = {
			isa = PBXGroup;
			children = (
				C309802F1F716EC000989BB5 /* GrailedChallenge.app */,
			);
			name = Products;
			sourceTree = "<group>";
		};
		C30980311F716EC000989BB5 /* GrailedChallenge */ = {
			isa = PBXGroup;
			children = (
				C37289391F71FF7600B19360 /* Network */,
				C37289381F71FF6F00B19360 /* ViewModels */,
				C37289371F71FF6900B19360 /* Models */,
				C37289361F71FF6300B19360 /* Views */,
				C37289351F71FF5F00B19360 /* Constants and Extensions */,
				C37289341F71FF4D00B19360 /* SupportingFiles */,
			);
			path = GrailedChallenge;
			sourceTree = "<group>";
		};
		C33D5AC41F7ADE2600C3E033 /* Subgroup */ = {
			isa = PBXGroup;
			children = (
				C33D5AC51F7ADE3600C3E033 /* ProgressHUD.swift */,
			);
			path = Subgroup;
			sourceTree = "<group>";
		};
		C33EDF871F78893A00D2D6B2 /* Internal */ = {
			isa = PBXGroup;
			children = (
				C33EDF881F78895400D2D6B2 /* Result.swift */,
			);
			path = Internal;
			sourceTree = "<group>";
		};
		C37289341F71FF4D00B19360 /* SupportingFiles */ = {
			isa = PBXGroup;
			children = (
				C37289401F7201BF00B19360 /* Info.plist */,
				C309803B1F716EC000989BB5 /* LaunchScreen.storyboard */,
				C30980321F716EC000989BB5 /* AppDelegate.swift */,
				C30980391F716EC000989BB5 /* Assets.xcassets */,
			);
			path = SupportingFiles;
			sourceTree = "<group>";
		};
		C37289351F71FF5F00B19360 /* Constants and Extensions */ = {
			isa = PBXGroup;
			children = (
				C372893A1F71FFE100B19360 /* Constants.swift */,
				C31577951F7204850058888B /* Extensions.swift */,
			);
			name = "Constants and Extensions";
			path = ..;
			sourceTree = "<group>";
		};
		C37289361F71FF6300B19360 /* Views */ = {
			isa = PBXGroup;
			children = (
				C33D5AC41F7ADE2600C3E033 /* Subgroup */,
				C30980361F716EC000989BB5 /* Main.storyboard */,
				C33D5ABE1F7AD56B00C3E033 /* ArticlesViewController.swift */,
				C33D5AC01F7AD57A00C3E033 /* SavedSearchViewController.swift */,
			);
			path = Views;
			sourceTree = "<group>";
		};
		C37289371F71FF6900B19360 /* Models */ = {
			isa = PBXGroup;
			children = (
				C33EDF831F78802C00D2D6B2 /* Article.swift */,
				C33EDF851F78817300D2D6B2 /* SavedSearch.swift */,
			);
			path = Models;
			sourceTree = "<group>";
		};
		C37289381F71FF6F00B19360 /* ViewModels */ = {
			isa = PBXGroup;
			children = (
				C33EDF8E1F78939F00D2D6B2 /* ArticlesViewModel.swift */,
				C33D5AC21F7ADC6500C3E033 /* ViewModelDelegate.swift */,
			);
			path = ViewModels;
			sourceTree = "<group>";
		};
		C37289391F71FF7600B19360 /* Network */ = {
			isa = PBXGroup;
			children = (
				C33EDF871F78893A00D2D6B2 /* Internal */,
				C33EDF8C1F788A7A00D2D6B2 /* APIController.swift */,
			);
			path = Network;
			sourceTree = "<group>";
		};
/* End PBXGroup section */

/* Begin PBXNativeTarget section */
		C309802E1F716EC000989BB5 /* GrailedChallenge */ = {
			isa = PBXNativeTarget;
			buildConfigurationList = C30980411F716EC000989BB5 /* Build configuration list for PBXNativeTarget "GrailedChallenge" */;
			buildPhases = (
				DA0F2A3A21360537F557A4C6 /* [CP] Check Pods Manifest.lock */,
				C309802B1F716EC000989BB5 /* Sources */,
				C309802C1F716EC000989BB5 /* Frameworks */,
				C309802D1F716EC000989BB5 /* Resources */,
				AA35452BCC913C358AA56BA8 /* [CP] Embed Pods Frameworks */,
				150361BA7812823146DC6B6C /* [CP] Copy Pods Resources */,
			);
			buildRules = (
			);
			dependencies = (
			);
			name = GrailedChallenge;
			productName = GrailedChallenge;
			productReference = C309802F1F716EC000989BB5 /* GrailedChallenge.app */;
			productType = "com.apple.product-type.application";
		};
/* End PBXNativeTarget section */

/* Begin PBXProject section */
		C30980271F716EBF00989BB5 /* Project object */ = {
			isa = PBXProject;
			attributes = {
				LastSwiftUpdateCheck = 0900;
				LastUpgradeCheck = 0900;
				ORGANIZATIONNAME = vitkiarts;
				TargetAttributes = {
					C309802E1F716EC000989BB5 = {
						CreatedOnToolsVersion = 9.0;
						ProvisioningStyle = Automatic;
					};
				};
			};
			buildConfigurationList = C309802A1F716EBF00989BB5 /* Build configuration list for PBXProject "GrailedChallenge" */;
			compatibilityVersion = "Xcode 8.0";
			developmentRegion = en;
			hasScannedForEncodings = 0;
			knownRegions = (
				en,
				Base,
			);
			mainGroup = C30980261F716EBF00989BB5;
			productRefGroup = C30980301F716EC000989BB5 /* Products */;
			projectDirPath = "";
			projectRoot = "";
			targets = (
				C309802E1F716EC000989BB5 /* GrailedChallenge */,
			);
		};
/* End PBXProject section */

/* Begin PBXResourcesBuildPhase section */
		C309802D1F716EC000989BB5 /* Resources */ = {
			isa = PBXResourcesBuildPhase;
			buildActionMask = 2147483647;
			files = (
				C309803D1F716EC000989BB5 /* LaunchScreen.storyboard in Resources */,
				C372893D1F72008300B19360 /* Default-568h@2x.png in Resources */,
				C309803A1F716EC000989BB5 /* Assets.xcassets in Resources */,
				C30980381F716EC000989BB5 /* Main.storyboard in Resources */,
			);
			runOnlyForDeploymentPostprocessing = 0;
		};
/* End PBXResourcesBuildPhase section */

/* Begin PBXShellScriptBuildPhase section */
		150361BA7812823146DC6B6C /* [CP] Copy Pods Resources */ = {
			isa = PBXShellScriptBuildPhase;
			buildActionMask = 2147483647;
			files = (
			);
			inputPaths = (
			);
			name = "[CP] Copy Pods Resources";
			outputPaths = (
			);
			runOnlyForDeploymentPostprocessing = 0;
			shellPath = /bin/sh;
			shellScript = "\"${SRCROOT}/Pods/Target Support Files/Pods-GrailedChallenge/Pods-GrailedChallenge-resources.sh\"\n";
			showEnvVarsInLog = 0;
		};
		AA35452BCC913C358AA56BA8 /* [CP] Embed Pods Frameworks */ = {
			isa = PBXShellScriptBuildPhase;
			buildActionMask = 2147483647;
			files = (
			);
			inputPaths = (
			);
			name = "[CP] Embed Pods Frameworks";
			outputPaths = (
			);
			runOnlyForDeploymentPostprocessing = 0;
			shellPath = /bin/sh;
			shellScript = "\"${SRCROOT}/Pods/Target Support Files/Pods-GrailedChallenge/Pods-GrailedChallenge-frameworks.sh\"\n";
			showEnvVarsInLog = 0;
		};
		DA0F2A3A21360537F557A4C6 /* [CP] Check Pods Manifest.lock */ = {
			isa = PBXShellScriptBuildPhase;
			buildActionMask = 2147483647;
			files = (
			);
			inputPaths = (
			);
			name = "[CP] Check Pods Manifest.lock";
			outputPaths = (
			);
			runOnlyForDeploymentPostprocessing = 0;
			shellPath = /bin/sh;
			shellScript = "diff \"${PODS_PODFILE_DIR_PATH}/Podfile.lock\" \"${PODS_ROOT}/Manifest.lock\" > /dev/null\nif [ $? != 0 ] ; then\n    # print error to STDERR\n    echo \"error: The sandbox is not in sync with the Podfile.lock. Run 'pod install' or update your CocoaPods installation.\" >&2\n    exit 1\nfi\n";
			showEnvVarsInLog = 0;
		};
/* End PBXShellScriptBuildPhase section */

/* Begin PBXSourcesBuildPhase section */
		C309802B1F716EC000989BB5 /* Sources */ = {
			isa = PBXSourcesBuildPhase;
			buildActionMask = 2147483647;
			files = (
				C33EDF8F1F78939F00D2D6B2 /* ArticlesViewModel.swift in Sources */,
				C33D5AC31F7ADC6500C3E033 /* ViewModelDelegate.swift in Sources */,
				C33D5AC61F7ADE3600C3E033 /* ProgressHUD.swift in Sources */,
				C33EDF841F78802C00D2D6B2 /* Article.swift in Sources */,
				C30980331F716EC000989BB5 /* AppDelegate.swift in Sources */,
				C372893B1F71FFE100B19360 /* Constants.swift in Sources */,
				C33EDF861F78817300D2D6B2 /* SavedSearch.swift in Sources */,
				C33EDF891F78895400D2D6B2 /* Result.swift in Sources */,
				C33D5AC11F7AD57A00C3E033 /* SavedSearchViewController.swift in Sources */,
				C31577961F7204850058888B /* Extensions.swift in Sources */,
				C33EDF8D1F788A7A00D2D6B2 /* APIController.swift in Sources */,
				C33D5ABF1F7AD56B00C3E033 /* ArticlesViewController.swift in Sources */,
			);
			runOnlyForDeploymentPostprocessing = 0;
		};
/* End PBXSourcesBuildPhase section */

/* Begin PBXVariantGroup section */
		C30980361F716EC000989BB5 /* Main.storyboard */ = {
			isa = PBXVariantGroup;
			children = (
				C30980371F716EC000989BB5 /* Base */,
			);
			name = Main.storyboard;
			sourceTree = "<group>";
		};
		C309803B1F716EC000989BB5 /* LaunchScreen.storyboard */ = {
			isa = PBXVariantGroup;
			children = (
				C309803C1F716EC000989BB5 /* Base */,
			);
			name = LaunchScreen.storyboard;
			sourceTree = "<group>";
		};
/* End PBXVariantGroup section */

/* Begin XCBuildConfiguration section */
		C309803F1F716EC000989BB5 /* Debug */ = {
			isa = XCBuildConfiguration;
			buildSettings = {
				ALWAYS_SEARCH_USER_PATHS = NO;
				CLANG_ANALYZER_NONNULL = YES;
				CLANG_ANALYZER_NUMBER_OBJECT_CONVERSION = YES_AGGRESSIVE;
				CLANG_CXX_LANGUAGE_STANDARD = "gnu++14";
				CLANG_CXX_LIBRARY = "libc++";
				CLANG_ENABLE_MODULES = YES;
				CLANG_ENABLE_OBJC_ARC = YES;
				CLANG_WARN_BLOCK_CAPTURE_AUTORELEASING = YES;
				CLANG_WARN_BOOL_CONVERSION = YES;
				CLANG_WARN_COMMA = YES;
				CLANG_WARN_CONSTANT_CONVERSION = YES;
				CLANG_WARN_DIRECT_OBJC_ISA_USAGE = YES_ERROR;
				CLANG_WARN_DOCUMENTATION_COMMENTS = YES;
				CLANG_WARN_EMPTY_BODY = YES;
				CLANG_WARN_ENUM_CONVERSION = YES;
				CLANG_WARN_INFINITE_RECURSION = YES;
				CLANG_WARN_INT_CONVERSION = YES;
				CLANG_WARN_NON_LITERAL_NULL_CONVERSION = YES;
				CLANG_WARN_OBJC_LITERAL_CONVERSION = YES;
				CLANG_WARN_OBJC_ROOT_CLASS = YES_ERROR;
				CLANG_WARN_RANGE_LOOP_ANALYSIS = YES;
				CLANG_WARN_STRICT_PROTOTYPES = YES;
				CLANG_WARN_SUSPICIOUS_MOVE = YES;
				CLANG_WARN_UNGUARDED_AVAILABILITY = YES_AGGRESSIVE;
				CLANG_WARN_UNREACHABLE_CODE = YES;
				CLANG_WARN__DUPLICATE_METHOD_MATCH = YES;
				CODE_SIGN_IDENTITY = "iPhone Developer";
				COPY_PHASE_STRIP = NO;
				DEBUG_INFORMATION_FORMAT = dwarf;
				ENABLE_STRICT_OBJC_MSGSEND = YES;
				ENABLE_TESTABILITY = YES;
				GCC_C_LANGUAGE_STANDARD = gnu11;
				GCC_DYNAMIC_NO_PIC = NO;
				GCC_NO_COMMON_BLOCKS = YES;
				GCC_OPTIMIZATION_LEVEL = 0;
				GCC_PREPROCESSOR_DEFINITIONS = (
					"DEBUG=1",
					"$(inherited)",
				);
				GCC_WARN_64_TO_32_BIT_CONVERSION = YES;
				GCC_WARN_ABOUT_RETURN_TYPE = YES_ERROR;
				GCC_WARN_UNDECLARED_SELECTOR = YES;
				GCC_WARN_UNINITIALIZED_AUTOS = YES_AGGRESSIVE;
				GCC_WARN_UNUSED_FUNCTION = YES;
				GCC_WARN_UNUSED_VARIABLE = YES;
				IPHONEOS_DEPLOYMENT_TARGET = 11.0;
				MTL_ENABLE_DEBUG_INFO = YES;
				ONLY_ACTIVE_ARCH = YES;
				SDKROOT = iphoneos;
				SWIFT_ACTIVE_COMPILATION_CONDITIONS = DEBUG;
				SWIFT_OPTIMIZATION_LEVEL = "-Onone";
			};
			name = Debug;
		};
		C30980401F716EC000989BB5 /* Release */ = {
			isa = XCBuildConfiguration;
			buildSettings = {
				ALWAYS_SEARCH_USER_PATHS = NO;
				CLANG_ANALYZER_NONNULL = YES;
				CLANG_ANALYZER_NUMBER_OBJECT_CONVERSION = YES_AGGRESSIVE;
				CLANG_CXX_LANGUAGE_STANDARD = "gnu++14";
				CLANG_CXX_LIBRARY = "libc++";
				CLANG_ENABLE_MODULES = YES;
				CLANG_ENABLE_OBJC_ARC = YES;
				CLANG_WARN_BLOCK_CAPTURE_AUTORELEASING = YES;
				CLANG_WARN_BOOL_CONVERSION = YES;
				CLANG_WARN_COMMA = YES;
				CLANG_WARN_CONSTANT_CONVERSION = YES;
				CLANG_WARN_DIRECT_OBJC_ISA_USAGE = YES_ERROR;
				CLANG_WARN_DOCUMENTATION_COMMENTS = YES;
				CLANG_WARN_EMPTY_BODY = YES;
				CLANG_WARN_ENUM_CONVERSION = YES;
				CLANG_WARN_INFINITE_RECURSION = YES;
				CLANG_WARN_INT_CONVERSION = YES;
				CLANG_WARN_NON_LITERAL_NULL_CONVERSION = YES;
				CLANG_WARN_OBJC_LITERAL_CONVERSION = YES;
				CLANG_WARN_OBJC_ROOT_CLASS = YES_ERROR;
				CLANG_WARN_RANGE_LOOP_ANALYSIS = YES;
				CLANG_WARN_STRICT_PROTOTYPES = YES;
				CLANG_WARN_SUSPICIOUS_MOVE = YES;
				CLANG_WARN_UNGUARDED_AVAILABILITY = YES_AGGRESSIVE;
				CLANG_WARN_UNREACHABLE_CODE = YES;
				CLANG_WARN__DUPLICATE_METHOD_MATCH = YES;
				CODE_SIGN_IDENTITY = "iPhone Developer";
				COPY_PHASE_STRIP = NO;
				DEBUG_INFORMATION_FORMAT = "dwarf-with-dsym";
				ENABLE_NS_ASSERTIONS = NO;
				ENABLE_STRICT_OBJC_MSGSEND = YES;
				GCC_C_LANGUAGE_STANDARD = gnu11;
				GCC_NO_COMMON_BLOCKS = YES;
				GCC_WARN_64_TO_32_BIT_CONVERSION = YES;
				GCC_WARN_ABOUT_RETURN_TYPE = YES_ERROR;
				GCC_WARN_UNDECLARED_SELECTOR = YES;
				GCC_WARN_UNINITIALIZED_AUTOS = YES_AGGRESSIVE;
				GCC_WARN_UNUSED_FUNCTION = YES;
				GCC_WARN_UNUSED_VARIABLE = YES;
				IPHONEOS_DEPLOYMENT_TARGET = 11.0;
				MTL_ENABLE_DEBUG_INFO = NO;
				SDKROOT = iphoneos;
				SWIFT_OPTIMIZATION_LEVEL = "-Owholemodule";
				VALIDATE_PRODUCT = YES;
			};
			name = Release;
		};
		C30980421F716EC000989BB5 /* Debug */ = {
			isa = XCBuildConfiguration;
			baseConfigurationReference = ABDA58991991EB671FBC2088 /* Pods-GrailedChallenge.debug.xcconfig */;
			buildSettings = {
				ASSETCATALOG_COMPILER_APPICON_NAME = AppIcon;
				CODE_SIGN_STYLE = Automatic;
				DEVELOPMENT_TEAM = 5P4CM4ZFAJ;
				INFOPLIST_FILE = GrailedChallenge/SupportingFiles/Info.plist;
				LD_RUNPATH_SEARCH_PATHS = "$(inherited) @executable_path/Frameworks";
				PRODUCT_BUNDLE_IDENTIFIER = com.vitkiarts.GrailedChallenge;
				PRODUCT_NAME = "$(TARGET_NAME)";
				SWIFT_VERSION = 4.0;
				TARGETED_DEVICE_FAMILY = "1,2";
			};
			name = Debug;
		};
		C30980431F716EC000989BB5 /* Release */ = {
			isa = XCBuildConfiguration;
			baseConfigurationReference = 720D116BCC097C361A6C0021 /* Pods-GrailedChallenge.release.xcconfig */;
			buildSettings = {
				ASSETCATALOG_COMPILER_APPICON_NAME = AppIcon;
				CODE_SIGN_STYLE = Automatic;
				DEVELOPMENT_TEAM = 5P4CM4ZFAJ;
				INFOPLIST_FILE = GrailedChallenge/SupportingFiles/Info.plist;
				LD_RUNPATH_SEARCH_PATHS = "$(inherited) @executable_path/Frameworks";
				PRODUCT_BUNDLE_IDENTIFIER = com.vitkiarts.GrailedChallenge;
				PRODUCT_NAME = "$(TARGET_NAME)";
				SWIFT_VERSION = 4.0;
				TARGETED_DEVICE_FAMILY = "1,2";
			};
			name = Release;
		};
/* End XCBuildConfiguration section */

/* Begin XCConfigurationList section */
		C309802A1F716EBF00989BB5 /* Build configuration list for PBXProject "GrailedChallenge" */ = {
			isa = XCConfigurationList;
			buildConfigurations = (
				C309803F1F716EC000989BB5 /* Debug */,
				C30980401F716EC000989BB5 /* Release */,
			);
			defaultConfigurationIsVisible = 0;
			defaultConfigurationName = Release;
		};
		C30980411F716EC000989BB5 /* Build configuration list for PBXNativeTarget "GrailedChallenge" */ = {
			isa = XCConfigurationList;
			buildConfigurations = (
				C30980421F716EC000989BB5 /* Debug */,
				C30980431F716EC000989BB5 /* Release */,
			);
			defaultConfigurationIsVisible = 0;
			defaultConfigurationName = Release;
		};
/* End XCConfigurationList section */
	};
	rootObject = C30980271F716EBF00989BB5 /* Project object */;
}
